
Microsoft Visual Studio Solution File, Format Version 12.00
# Visual Studio 2012
Project("{FAE04EC0-301F-11D3-BF4B-00C04F79EFBC}") = "day01", "day01\day01.csproj", "{AD2AE10F-B6DC-44EF-9C4D-5EF93395406D}"
EndProject
Project("{FAE04EC0-301F-11D3-BF4B-00C04F79EFBC}") = "day02", "day02\day02.csproj", "{D0BDFE9B-CE20-490D-8658-1CEF847A89E0}"
EndProject
Project("{FAE04EC0-301F-11D3-BF4B-00C04F79EFBC}") = "day03", "day03\day03.csproj", "{DEC8E7DE-269A-4200-BFDB-2362DE6F2607}"
EndProject
Project("{FAE04EC0-301F-11D3-BF4B-00C04F79EFBC}") = "day04", "day04\day04.csproj", "{234D809A-2333-4760-B820-A51C4A1602A5}"
EndProject
Project("{FAE04EC0-301F-11D3-BF4B-00C04F79EFBC}") = "day05", "day05\day05.csproj", "{C490FEE1-DC50-4B92-AED7-12D7A8CD6FBA}"
EndProject
Project("{FAE04EC0-301F-11D3-BF4B-00C04F79EFBC}") = "day06", "day06\day06.csproj", "{EC39FA25-753E-4AC7-8554-60532E4F8657}"
EndProject
Project("{FAE04EC0-301F-11D3-BF4B-00C04F79EFBC}") = "day07", "day07\day07.csproj", "{51DF72EE-0AA0-44B4-AED8-4A9424FDA78F}"
EndProject
Project("{FAE04EC0-301F-11D3-BF4B-00C04F79EFBC}") = "day08", "day08\day08.csproj", "{C014DCE1-93C7-481A-A1D1-A631A7B7FE3D}"
EndProject
Global
	GlobalSection(SolutionConfigurationPlatforms) = preSolution
		Debug|x86 = Debug|x86
		Release|x86 = Release|x86
	EndGlobalSection
	GlobalSection(ProjectConfigurationPlatforms) = postSolution
		{234D809A-2333-4760-B820-A51C4A1602A5}.Debug|x86.ActiveCfg = Debug|x86
		{234D809A-2333-4760-B820-A51C4A1602A5}.Debug|x86.Build.0 = Debug|x86
		{234D809A-2333-4760-B820-A51C4A1602A5}.Release|x86.ActiveCfg = Release|x86
		{234D809A-2333-4760-B820-A51C4A1602A5}.Release|x86.Build.0 = Release|x86
		{51DF72EE-0AA0-44B4-AED8-4A9424FDA78F}.Debug|x86.ActiveCfg = Debug|x86
		{51DF72EE-0AA0-44B4-AED8-4A9424FDA78F}.Debug|x86.Build.0 = Debug|x86
		{51DF72EE-0AA0-44B4-AED8-4A9424FDA78F}.Release|x86.ActiveCfg = Release|x86
		{51DF72EE-0AA0-44B4-AED8-4A9424FDA78F}.Release|x86.Build.0 = Release|x86
		{AD2AE10F-B6DC-44EF-9C4D-5EF93395406D}.Debug|x86.ActiveCfg = Debug|x86
		{AD2AE10F-B6DC-44EF-9C4D-5EF93395406D}.Debug|x86.Build.0 = Debug|x86
		{AD2AE10F-B6DC-44EF-9C4D-5EF93395406D}.Release|x86.ActiveCfg = Release|x86
		{AD2AE10F-B6DC-44EF-9C4D-5EF93395406D}.Release|x86.Build.0 = Release|x86
		{C014DCE1-93C7-481A-A1D1-A631A7B7FE3D}.Debug|x86.ActiveCfg = Debug|x86
		{C014DCE1-93C7-481A-A1D1-A631A7B7FE3D}.Debug|x86.Build.0 = Debug|x86
		{C014DCE1-93C7-481A-A1D1-A631A7B7FE3D}.Release|x86.ActiveCfg = Release|x86
		{C014DCE1-93C7-481A-A1D1-A631A7B7FE3D}.Release|x86.Build.0 = Release|x86
		{C490FEE1-DC50-4B92-AED7-12D7A8CD6FBA}.Debug|x86.ActiveCfg = Debug|x86
		{C490FEE1-DC50-4B92-AED7-12D7A8CD6FBA}.Debug|x86.Build.0 = Debug|x86
		{C490FEE1-DC50-4B92-AED7-12D7A8CD6FBA}.Release|x86.ActiveCfg = Release|x86
		{C490FEE1-DC50-4B92-AED7-12D7A8CD6FBA}.Release|x86.Build.0 = Release|x86
		{D0BDFE9B-CE20-490D-8658-1CEF847A89E0}.Debug|x86.ActiveCfg = Debug|x86
		{D0BDFE9B-CE20-490D-8658-1CEF847A89E0}.Debug|x86.Build.0 = Debug|x86
		{D0BDFE9B-CE20-490D-8658-1CEF847A89E0}.Release|x86.ActiveCfg = Release|x86
		{D0BDFE9B-CE20-490D-8658-1CEF847A89E0}.Release|x86.Build.0 = Release|x86
		{DEC8E7DE-269A-4200-BFDB-2362DE6F2607}.Debug|x86.ActiveCfg = Debug|x86
		{DEC8E7DE-269A-4200-BFDB-2362DE6F2607}.Debug|x86.Build.0 = Debug|x86
		{DEC8E7DE-269A-4200-BFDB-2362DE6F2607}.Release|x86.ActiveCfg = Release|x86
		{DEC8E7DE-269A-4200-BFDB-2362DE6F2607}.Release|x86.Build.0 = Release|x86
		{EC39FA25-753E-4AC7-8554-60532E4F8657}.Debug|x86.ActiveCfg = Debug|x86
		{EC39FA25-753E-4AC7-8554-60532E4F8657}.Debug|x86.Build.0 = Debug|x86
		{EC39FA25-753E-4AC7-8554-60532E4F8657}.Release|x86.ActiveCfg = Release|x86
		{EC39FA25-753E-4AC7-8554-60532E4F8657}.Release|x86.Build.0 = Release|x86
	EndGlobalSection
EndGlobal
